
Microsoft Visual Studio Solution File, Format Version 12.00
# Visual Studio Version 17
VisualStudioVersion = 17.0.31903.59
MinimumVisualStudioVersion = 10.0.40219.1
Project("{2150E333-8FDC-42A3-9474-1A3956D46DE8}") = "src", "src", "{CE987852-48A8-4C0D-9A5A-D1B65998C83D}"
EndProject
Project("{FAE04EC0-301F-11D3-BF4B-00C04F79EFBC}") = "AuctionService", "src\AuctionService\AuctionService.csproj", "{995CFF85-F49E-45A2-B403-C11685721549}"
EndProject
Project("{FAE04EC0-301F-11D3-BF4B-00C04F79EFBC}") = "SearchService", "src\SearchService\SearchService.csproj", "{BAE249D0-EEE9-43FF-8F41-38D24EFB815F}"
EndProject
Project("{FAE04EC0-301F-11D3-BF4B-00C04F79EFBC}") = "Contracts", "src\Contracts\Contracts.csproj", "{F02E8EDF-4C34-42D4-8F11-991B6F5E96C9}"
EndProject
Project("{FAE04EC0-301F-11D3-BF4B-00C04F79EFBC}") = "IdentityService", "src\IdentityService\IdentityService.csproj", "{78F59A0E-0BC4-49CF-AEF3-453610DF138D}"
EndProject
Project("{FAE04EC0-301F-11D3-BF4B-00C04F79EFBC}") = "GatewayService", "src\GatewayService\GatewayService.csproj", "{4C55B70D-4D78-407E-8809-DDE35FCA7EAD}"
EndProject
Project("{FAE04EC0-301F-11D3-BF4B-00C04F79EFBC}") = "BiddingService", "src\BiddingService\BiddingService.csproj", "{5A00B242-F3B8-4081-8A6E-8782AA02C216}"
EndProject
Project("{FAE04EC0-301F-11D3-BF4B-00C04F79EFBC}") = "NotificationService", "src\NotificationService\NotificationService.csproj", "{D18726E1-A12A-419B-917F-A233E3A02722}"
EndProject
Global
	GlobalSection(SolutionConfigurationPlatforms) = preSolution
		Debug|Any CPU = Debug|Any CPU
		Release|Any CPU = Release|Any CPU
	EndGlobalSection
	GlobalSection(SolutionProperties) = preSolution
		HideSolutionNode = FALSE
	EndGlobalSection
	GlobalSection(ProjectConfigurationPlatforms) = postSolution
		{995CFF85-F49E-45A2-B403-C11685721549}.Debug|Any CPU.ActiveCfg = Debug|Any CPU
		{995CFF85-F49E-45A2-B403-C11685721549}.Debug|Any CPU.Build.0 = Debug|Any CPU
		{995CFF85-F49E-45A2-B403-C11685721549}.Release|Any CPU.ActiveCfg = Release|Any CPU
		{995CFF85-F49E-45A2-B403-C11685721549}.Release|Any CPU.Build.0 = Release|Any CPU
		{BAE249D0-EEE9-43FF-8F41-38D24EFB815F}.Debug|Any CPU.ActiveCfg = Debug|Any CPU
		{BAE249D0-EEE9-43FF-8F41-38D24EFB815F}.Debug|Any CPU.Build.0 = Debug|Any CPU
		{BAE249D0-EEE9-43FF-8F41-38D24EFB815F}.Release|Any CPU.ActiveCfg = Release|Any CPU
		{BAE249D0-EEE9-43FF-8F41-38D24EFB815F}.Release|Any CPU.Build.0 = Release|Any CPU
		{F02E8EDF-4C34-42D4-8F11-991B6F5E96C9}.Debug|Any CPU.ActiveCfg = Debug|Any CPU
		{F02E8EDF-4C34-42D4-8F11-991B6F5E96C9}.Debug|Any CPU.Build.0 = Debug|Any CPU
		{F02E8EDF-4C34-42D4-8F11-991B6F5E96C9}.Release|Any CPU.ActiveCfg = Release|Any CPU
		{F02E8EDF-4C34-42D4-8F11-991B6F5E96C9}.Release|Any CPU.Build.0 = Release|Any CPU
		{78F59A0E-0BC4-49CF-AEF3-453610DF138D}.Debug|Any CPU.ActiveCfg = Debug|Any CPU
		{78F59A0E-0BC4-49CF-AEF3-453610DF138D}.Debug|Any CPU.Build.0 = Debug|Any CPU
		{78F59A0E-0BC4-49CF-AEF3-453610DF138D}.Release|Any CPU.ActiveCfg = Release|Any CPU
		{78F59A0E-0BC4-49CF-AEF3-453610DF138D}.Release|Any CPU.Build.0 = Release|Any CPU
		{4C55B70D-4D78-407E-8809-DDE35FCA7EAD}.Debug|Any CPU.ActiveCfg = Debug|Any CPU
		{4C55B70D-4D78-407E-8809-DDE35FCA7EAD}.Debug|Any CPU.Build.0 = Debug|Any CPU
		{4C55B70D-4D78-407E-8809-DDE35FCA7EAD}.Release|Any CPU.ActiveCfg = Release|Any CPU
		{4C55B70D-4D78-407E-8809-DDE35FCA7EAD}.Release|Any CPU.Build.0 = Release|Any CPU
		{5A00B242-F3B8-4081-8A6E-8782AA02C216}.Debug|Any CPU.ActiveCfg = Debug|Any CPU
		{5A00B242-F3B8-4081-8A6E-8782AA02C216}.Debug|Any CPU.Build.0 = Debug|Any CPU
		{5A00B242-F3B8-4081-8A6E-8782AA02C216}.Release|Any CPU.ActiveCfg = Release|Any CPU
		{5A00B242-F3B8-4081-8A6E-8782AA02C216}.Release|Any CPU.Build.0 = Release|Any CPU
		{D18726E1-A12A-419B-917F-A233E3A02722}.Debug|Any CPU.ActiveCfg = Debug|Any CPU
		{D18726E1-A12A-419B-917F-A233E3A02722}.Debug|Any CPU.Build.0 = Debug|Any CPU
		{D18726E1-A12A-419B-917F-A233E3A02722}.Release|Any CPU.ActiveCfg = Release|Any CPU
		{D18726E1-A12A-419B-917F-A233E3A02722}.Release|Any CPU.Build.0 = Release|Any CPU
	EndGlobalSection
	GlobalSection(NestedProjects) = preSolution
		{995CFF85-F49E-45A2-B403-C11685721549} = {CE987852-48A8-4C0D-9A5A-D1B65998C83D}
		{BAE249D0-EEE9-43FF-8F41-38D24EFB815F} = {CE987852-48A8-4C0D-9A5A-D1B65998C83D}
		{F02E8EDF-4C34-42D4-8F11-991B6F5E96C9} = {CE987852-48A8-4C0D-9A5A-D1B65998C83D}
		{78F59A0E-0BC4-49CF-AEF3-453610DF138D} = {CE987852-48A8-4C0D-9A5A-D1B65998C83D}
		{4C55B70D-4D78-407E-8809-DDE35FCA7EAD} = {CE987852-48A8-4C0D-9A5A-D1B65998C83D}
		{5A00B242-F3B8-4081-8A6E-8782AA02C216} = {CE987852-48A8-4C0D-9A5A-D1B65998C83D}
		{D18726E1-A12A-419B-917F-A233E3A02722} = {CE987852-48A8-4C0D-9A5A-D1B65998C83D}
	EndGlobalSection
EndGlobal
